
Microsoft Visual Studio Solution File, Format Version 12.00
# Visual Studio Version 17
VisualStudioVersion = 17.8.34408.163
MinimumVisualStudioVersion = 10.0.40219.1
Project("{FAE04EC0-301F-11D3-BF4B-00C04F79EFBC}") = "Mission2", "Mission2.csproj", "{5B068812-C2CE-4955-84E2-3147B8245AEA}"
EndProject
Global
	GlobalSection(SolutionConfigurationPlatforms) = preSolution
		Debug|Any CPU = Debug|Any CPU
		Release|Any CPU = Release|Any CPU
	EndGlobalSection
	GlobalSection(ProjectConfigurationPlatforms) = postSolution
		{5B068812-C2CE-4955-84E2-3147B8245AEA}.Debug|Any CPU.ActiveCfg = Debug|Any CPU
		{5B068812-C2CE-4955-84E2-3147B8245AEA}.Debug|Any CPU.Build.0 = Debug|Any CPU
		{5B068812-C2CE-4955-84E2-3147B8245AEA}.Release|Any CPU.ActiveCfg = Release|Any CPU
		{5B068812-C2CE-4955-84E2-3147B8245AEA}.Release|Any CPU.Build.0 = Release|Any CPU
	EndGlobalSection
	GlobalSection(SolutionProperties) = preSolution
		HideSolutionNode = FALSE
	EndGlobalSection
	GlobalSection(ExtensibilityGlobals) = postSolution
		SolutionGuid = {9B3FBF91-6583-4EAF-8F11-72FE835313A2}
	EndGlobalSection
EndGlobal
